// !$*UTF8*$!
{
	archiveVersion = 1;
	classes = {
	};
	objectVersion = 46;
	objects = {

/* Begin PBXBuildFile section */
		528D1DC21FCCBDAF001D61D0 /* AppDelegate.swift in Sources */ = {isa = PBXBuildFile; fileRef = 528D1DC11FCCBDAF001D61D0 /* AppDelegate.swift */; };
		528D1DC41FCCBDAF001D61D0 /* ViewController.swift in Sources */ = {isa = PBXBuildFile; fileRef = 528D1DC31FCCBDAF001D61D0 /* ViewController.swift */; };
		528D1DC71FCCBDAF001D61D0 /* Main.storyboard in Resources */ = {isa = PBXBuildFile; fileRef = 528D1DC51FCCBDAF001D61D0 /* Main.storyboard */; };
		528D1DCA1FCCBDAF001D61D0 /* Lesson2_Experiment.xcdatamodeld in Sources */ = {isa = PBXBuildFile; fileRef = 528D1DC81FCCBDAF001D61D0 /* Lesson2_Experiment.xcdatamodeld */; };
		528D1DCC1FCCBDAF001D61D0 /* Assets.xcassets in Resources */ = {isa = PBXBuildFile; fileRef = 528D1DCB1FCCBDAF001D61D0 /* Assets.xcassets */; };
		528D1DCF1FCCBDAF001D61D0 /* LaunchScreen.storyboard in Resources */ = {isa = PBXBuildFile; fileRef = 528D1DCD1FCCBDAF001D61D0 /* LaunchScreen.storyboard */; };
		528D1DDA1FCCBDAF001D61D0 /* Lesson2_ExperimentTests.swift in Sources */ = {isa = PBXBuildFile; fileRef = 528D1DD91FCCBDAF001D61D0 /* Lesson2_ExperimentTests.swift */; };
		528D1DE51FCCBDAF001D61D0 /* Lesson2_ExperimentUITests.swift in Sources */ = {isa = PBXBuildFile; fileRef = 528D1DE41FCCBDAF001D61D0 /* Lesson2_ExperimentUITests.swift */; };
/* End PBXBuildFile section */

/* Begin PBXContainerItemProxy section */
		528D1DD61FCCBDAF001D61D0 /* PBXContainerItemProxy */ = {
			isa = PBXContainerItemProxy;
			containerPortal = 528D1DB61FCCBDAF001D61D0 /* Project object */;
			proxyType = 1;
			remoteGlobalIDString = 528D1DBD1FCCBDAF001D61D0;
			remoteInfo = Lesson2_Experiment;
		};
		528D1DE11FCCBDAF001D61D0 /* PBXContainerItemProxy */ = {
			isa = PBXContainerItemProxy;
			containerPortal = 528D1DB61FCCBDAF001D61D0 /* Project object */;
			proxyType = 1;
			remoteGlobalIDString = 528D1DBD1FCCBDAF001D61D0;
			remoteInfo = Lesson2_Experiment;
		};
/* End PBXContainerItemProxy section */

/* Begin PBXFileReference section */
		528D1DBE1FCCBDAF001D61D0 /* Lesson2_Experiment.app */ = {isa = PBXFileReference; explicitFileType = wrapper.application; includeInIndex = 0; path = Lesson2_Experiment.app; sourceTree = BUILT_PRODUCTS_DIR; };
		528D1DC11FCCBDAF001D61D0 /* AppDelegate.swift */ = {isa = PBXFileReference; lastKnownFileType = sourcecode.swift; path = AppDelegate.swift; sourceTree = "<group>"; };
		528D1DC31FCCBDAF001D61D0 /* ViewController.swift */ = {isa = PBXFileReference; lastKnownFileType = sourcecode.swift; path = ViewController.swift; sourceTree = "<group>"; };
		528D1DC61FCCBDAF001D61D0 /* Base */ = {isa = PBXFileReference; lastKnownFileType = file.storyboard; name = Base; path = Base.lproj/Main.storyboard; sourceTree = "<group>"; };
		528D1DC91FCCBDAF001D61D0 /* Lesson2_Experiment.xcdatamodel */ = {isa = PBXFileReference; lastKnownFileType = wrapper.xcdatamodel; path = Lesson2_Experiment.xcdatamodel; sourceTree = "<group>"; };
		528D1DCB1FCCBDAF001D61D0 /* Assets.xcassets */ = {isa = PBXFileReference; lastKnownFileType = folder.assetcatalog; path = Assets.xcassets; sourceTree = "<group>"; };
		528D1DCE1FCCBDAF001D61D0 /* Base */ = {isa = PBXFileReference; lastKnownFileType = file.storyboard; name = Base; path = Base.lproj/LaunchScreen.storyboard; sourceTree = "<group>"; };
		528D1DD01FCCBDAF001D61D0 /* Info.plist */ = {isa = PBXFileReference; lastKnownFileType = text.plist.xml; path = Info.plist; sourceTree = "<group>"; };
		528D1DD51FCCBDAF001D61D0 /* Lesson2_ExperimentTests.xctest */ = {isa = PBXFileReference; explicitFileType = wrapper.cfbundle; includeInIndex = 0; path = Lesson2_ExperimentTests.xctest; sourceTree = BUILT_PRODUCTS_DIR; };
		528D1DD91FCCBDAF001D61D0 /* Lesson2_ExperimentTests.swift */ = {isa = PBXFileReference; lastKnownFileType = sourcecode.swift; path = Lesson2_ExperimentTests.swift; sourceTree = "<group>"; };
		528D1DDB1FCCBDAF001D61D0 /* Info.plist */ = {isa = PBXFileReference; lastKnownFileType = text.plist.xml; path = Info.plist; sourceTree = "<group>"; };
		528D1DE01FCCBDAF001D61D0 /* Lesson2_ExperimentUITests.xctest */ = {isa = PBXFileReference; explicitFileType = wrapper.cfbundle; includeInIndex = 0; path = Lesson2_ExperimentUITests.xctest; sourceTree = BUILT_PRODUCTS_DIR; };
		528D1DE41FCCBDAF001D61D0 /* Lesson2_ExperimentUITests.swift */ = {isa = PBXFileReference; lastKnownFileType = sourcecode.swift; path = Lesson2_ExperimentUITests.swift; sourceTree = "<group>"; };
		528D1DE61FCCBDAF001D61D0 /* Info.plist */ = {isa = PBXFileReference; lastKnownFileType = text.plist.xml; path = Info.plist; sourceTree = "<group>"; };
/* End PBXFileReference section */

/* Begin PBXFrameworksBuildPhase section */
		528D1DBB1FCCBDAF001D61D0 /* Frameworks */ = {
			isa = PBXFrameworksBuildPhase;
			buildActionMask = 2147483647;
			files = (
			);
			runOnlyForDeploymentPostprocessing = 0;
		};
		528D1DD21FCCBDAF001D61D0 /* Frameworks */ = {
			isa = PBXFrameworksBuildPhase;
			buildActionMask = 2147483647;
			files = (
			);
			runOnlyForDeploymentPostprocessing = 0;
		};
		528D1DDD1FCCBDAF001D61D0 /* Frameworks */ = {
			isa = PBXFrameworksBuildPhase;
			buildActionMask = 2147483647;
			files = (
			);
			runOnlyForDeploymentPostprocessing = 0;
		};
/* End PBXFrameworksBuildPhase section */

/* Begin PBXGroup section */
		528D1DB51FCCBDAF001D61D0 = {
			isa = PBXGroup;
			children = (
				528D1DC01FCCBDAF001D61D0 /* Lesson2_Experiment */,
				528D1DD81FCCBDAF001D61D0 /* Lesson2_ExperimentTests */,
				528D1DE31FCCBDAF001D61D0 /* Lesson2_ExperimentUITests */,
				528D1DBF1FCCBDAF001D61D0 /* Products */,
			);
			sourceTree = "<group>";
		};
		528D1DBF1FCCBDAF001D61D0 /* Products */ = {
			isa = PBXGroup;
			children = (
				528D1DBE1FCCBDAF001D61D0 /* Lesson2_Experiment.app */,
				528D1DD51FCCBDAF001D61D0 /* Lesson2_ExperimentTests.xctest */,
				528D1DE01FCCBDAF001D61D0 /* Lesson2_ExperimentUITests.xctest */,
			);
			name = Products;
			sourceTree = "<group>";
		};
		528D1DC01FCCBDAF001D61D0 /* Lesson2_Experiment */ = {
			isa = PBXGroup;
			children = (
				528D1DC11FCCBDAF001D61D0 /* AppDelegate.swift */,
				528D1DC31FCCBDAF001D61D0 /* ViewController.swift */,
				528D1DC51FCCBDAF001D61D0 /* Main.storyboard */,
				528D1DCB1FCCBDAF001D61D0 /* Assets.xcassets */,
				528D1DCD1FCCBDAF001D61D0 /* LaunchScreen.storyboard */,
				528D1DD01FCCBDAF001D61D0 /* Info.plist */,
				528D1DC81FCCBDAF001D61D0 /* Lesson2_Experiment.xcdatamodeld */,
			);
			path = Lesson2_Experiment;
			sourceTree = "<group>";
		};
		528D1DD81FCCBDAF001D61D0 /* Lesson2_ExperimentTests */ = {
			isa = PBXGroup;
			children = (
				528D1DD91FCCBDAF001D61D0 /* Lesson2_ExperimentTests.swift */,
				528D1DDB1FCCBDAF001D61D0 /* Info.plist */,
			);
			path = Lesson2_ExperimentTests;
			sourceTree = "<group>";
		};
		528D1DE31FCCBDAF001D61D0 /* Lesson2_ExperimentUITests */ = {
			isa = PBXGroup;
			children = (
				528D1DE41FCCBDAF001D61D0 /* Lesson2_ExperimentUITests.swift */,
				528D1DE61FCCBDAF001D61D0 /* Info.plist */,
			);
			path = Lesson2_ExperimentUITests;
			sourceTree = "<group>";
		};
/* End PBXGroup section */

/* Begin PBXNativeTarget section */
		528D1DBD1FCCBDAF001D61D0 /* Lesson2_Experiment */ = {
			isa = PBXNativeTarget;
			buildConfigurationList = 528D1DE91FCCBDAF001D61D0 /* Build configuration list for PBXNativeTarget "Lesson2_Experiment" */;
			buildPhases = (
				528D1DBA1FCCBDAF001D61D0 /* Sources */,
				528D1DBB1FCCBDAF001D61D0 /* Frameworks */,
				528D1DBC1FCCBDAF001D61D0 /* Resources */,
			);
			buildRules = (
			);
			dependencies = (
			);
			name = Lesson2_Experiment;
			productName = Lesson2_Experiment;
			productReference = 528D1DBE1FCCBDAF001D61D0 /* Lesson2_Experiment.app */;
			productType = "com.apple.product-type.application";
		};
		528D1DD41FCCBDAF001D61D0 /* Lesson2_ExperimentTests */ = {
			isa = PBXNativeTarget;
			buildConfigurationList = 528D1DEC1FCCBDAF001D61D0 /* Build configuration list for PBXNativeTarget "Lesson2_ExperimentTests" */;
			buildPhases = (
				528D1DD11FCCBDAF001D61D0 /* Sources */,
				528D1DD21FCCBDAF001D61D0 /* Frameworks */,
				528D1DD31FCCBDAF001D61D0 /* Resources */,
			);
			buildRules = (
			);
			dependencies = (
				528D1DD71FCCBDAF001D61D0 /* PBXTargetDependency */,
			);
			name = Lesson2_ExperimentTests;
			productName = Lesson2_ExperimentTests;
			productReference = 528D1DD51FCCBDAF001D61D0 /* Lesson2_ExperimentTests.xctest */;
			productType = "com.apple.product-type.bundle.unit-test";
		};
		528D1DDF1FCCBDAF001D61D0 /* Lesson2_ExperimentUITests */ = {
			isa = PBXNativeTarget;
			buildConfigurationList = 528D1DEF1FCCBDAF001D61D0 /* Build configuration list for PBXNativeTarget "Lesson2_ExperimentUITests" */;
			buildPhases = (
				528D1DDC1FCCBDAF001D61D0 /* Sources */,
				528D1DDD1FCCBDAF001D61D0 /* Frameworks */,
				528D1DDE1FCCBDAF001D61D0 /* Resources */,
			);
			buildRules = (
			);
			dependencies = (
				528D1DE21FCCBDAF001D61D0 /* PBXTargetDependency */,
			);
			name = Lesson2_ExperimentUITests;
			productName = Lesson2_ExperimentUITests;
			productReference = 528D1DE01FCCBDAF001D61D0 /* Lesson2_ExperimentUITests.xctest */;
			productType = "com.apple.product-type.bundle.ui-testing";
		};
/* End PBXNativeTarget section */

/* Begin PBXProject section */
		528D1DB61FCCBDAF001D61D0 /* Project object */ = {
			isa = PBXProject;
			attributes = {
				LastSwiftUpdateCheck = 0830;
				LastUpgradeCheck = 0830;
				ORGANIZATIONNAME = "John Xiong";
				TargetAttributes = {
					528D1DBD1FCCBDAF001D61D0 = {
						CreatedOnToolsVersion = 8.3.2;
						DevelopmentTeam = N4X9H9L3T7;
						ProvisioningStyle = Automatic;
					};
					528D1DD41FCCBDAF001D61D0 = {
						CreatedOnToolsVersion = 8.3.2;
						DevelopmentTeam = N4X9H9L3T7;
						ProvisioningStyle = Automatic;
						TestTargetID = 528D1DBD1FCCBDAF001D61D0;
					};
					528D1DDF1FCCBDAF001D61D0 = {
						CreatedOnToolsVersion = 8.3.2;
						DevelopmentTeam = N4X9H9L3T7;
						ProvisioningStyle = Automatic;
						TestTargetID = 528D1DBD1FCCBDAF001D61D0;
					};
				};
			};
			buildConfigurationList = 528D1DB91FCCBDAF001D61D0 /* Build configuration list for PBXProject "Lesson2_Experiment" */;
			compatibilityVersion = "Xcode 3.2";
			developmentRegion = English;
			hasScannedForEncodings = 0;
			knownRegions = (
				en,
				Base,
			);
			mainGroup = 528D1DB51FCCBDAF001D61D0;
			productRefGroup = 528D1DBF1FCCBDAF001D61D0 /* Products */;
			projectDirPath = "";
			projectRoot = "";
			targets = (
				528D1DBD1FCCBDAF001D61D0 /* Lesson2_Experiment */,
				528D1DD41FCCBDAF001D61D0 /* Lesson2_ExperimentTests */,
				528D1DDF1FCCBDAF001D61D0 /* Lesson2_ExperimentUITests */,
			);
		};
/* End PBXProject section */

/* Begin PBXResourcesBuildPhase section */
		528D1DBC1FCCBDAF001D61D0 /* Resources */ = {
			isa = PBXResourcesBuildPhase;
			buildActionMask = 2147483647;
			files = (
				528D1DCF1FCCBDAF001D61D0 /* LaunchScreen.storyboard in Resources */,
				528D1DCC1FCCBDAF001D61D0 /* Assets.xcassets in Resources */,
				528D1DC71FCCBDAF001D61D0 /* Main.storyboard in Resources */,
			);
			runOnlyForDeploymentPostprocessing = 0;
		};
		528D1DD31FCCBDAF001D61D0 /* Resources */ = {
			isa = PBXResourcesBuildPhase;
			buildActionMask = 2147483647;
			files = (
			);
			runOnlyForDeploymentPostprocessing = 0;
		};
		528D1DDE1FCCBDAF001D61D0 /* Resources */ = {
			isa = PBXResourcesBuildPhase;
			buildActionMask = 2147483647;
			files = (
			);
			runOnlyForDeploymentPostprocessing = 0;
		};
/* End PBXResourcesBuildPhase section */

/* Begin PBXSourcesBuildPhase section */
		528D1DBA1FCCBDAF001D61D0 /* Sources */ = {
			isa = PBXSourcesBuildPhase;
			buildActionMask = 2147483647;
			files = (
				528D1DCA1FCCBDAF001D61D0 /* Lesson2_Experiment.xcdatamodeld in Sources */,
				528D1DC41FCCBDAF001D61D0 /* ViewController.swift in Sources */,
				528D1DC21FCCBDAF001D61D0 /* AppDelegate.swift in Sources */,
			);
			runOnlyForDeploymentPostprocessing = 0;
		};
		528D1DD11FCCBDAF001D61D0 /* Sources */ = {
			isa = PBXSourcesBuildPhase;
			buildActionMask = 2147483647;
			files = (
				528D1DDA1FCCBDAF001D61D0 /* Lesson2_ExperimentTests.swift in Sources */,
			);
			runOnlyForDeploymentPostprocessing = 0;
		};
		528D1DDC1FCCBDAF001D61D0 /* Sources */ = {
			isa = PBXSourcesBuildPhase;
			buildActionMask = 2147483647;
			files = (
				528D1DE51FCCBDAF001D61D0 /* Lesson2_ExperimentUITests.swift in Sources */,
			);
			runOnlyForDeploymentPostprocessing = 0;
		};
/* End PBXSourcesBuildPhase section */

/* Begin PBXTargetDependency section */
		528D1DD71FCCBDAF001D61D0 /* PBXTargetDependency */ = {
			isa = PBXTargetDependency;
			target = 528D1DBD1FCCBDAF001D61D0 /* Lesson2_Experiment */;
			targetProxy = 528D1DD61FCCBDAF001D61D0 /* PBXContainerItemProxy */;
		};
		528D1DE21FCCBDAF001D61D0 /* PBXTargetDependency */ = {
			isa = PBXTargetDependency;
			target = 528D1DBD1FCCBDAF001D61D0 /* Lesson2_Experiment */;
			targetProxy = 528D1DE11FCCBDAF001D61D0 /* PBXContainerItemProxy */;
		};
/* End PBXTargetDependency section */

/* Begin PBXVariantGroup section */
		528D1DC51FCCBDAF001D61D0 /* Main.storyboard */ = {
			isa = PBXVariantGroup;
			children = (
				528D1DC61FCCBDAF001D61D0 /* Base */,
			);
			name = Main.storyboard;
			sourceTree = "<group>";
		};
		528D1DCD1FCCBDAF001D61D0 /* LaunchScreen.storyboard */ = {
			isa = PBXVariantGroup;
			children = (
				528D1DCE1FCCBDAF001D61D0 /* Base */,
			);
			name = LaunchScreen.storyboard;
			sourceTree = "<group>";
		};
/* End PBXVariantGroup section */

/* Begin XCBuildConfiguration section */
		528D1DE71FCCBDAF001D61D0 /* Debug */ = {
			isa = XCBuildConfiguration;
			buildSettings = {
				ALWAYS_SEARCH_USER_PATHS = NO;
				CLANG_ANALYZER_NONNULL = YES;
				CLANG_ANALYZER_NUMBER_OBJECT_CONVERSION = YES_AGGRESSIVE;
				CLANG_CXX_LANGUAGE_STANDARD = "gnu++0x";
				CLANG_CXX_LIBRARY = "libc++";
				CLANG_ENABLE_MODULES = YES;
				CLANG_ENABLE_OBJC_ARC = YES;
				CLANG_WARN_BOOL_CONVERSION = YES;
				CLANG_WARN_CONSTANT_CONVERSION = YES;
				CLANG_WARN_DIRECT_OBJC_ISA_USAGE = YES_ERROR;
				CLANG_WARN_DOCUMENTATION_COMMENTS = YES;
				CLANG_WARN_EMPTY_BODY = YES;
				CLANG_WARN_ENUM_CONVERSION = YES;
				CLANG_WARN_INFINITE_RECURSION = YES;
				CLANG_WARN_INT_CONVERSION = YES;
				CLANG_WARN_OBJC_ROOT_CLASS = YES_ERROR;
				CLANG_WARN_SUSPICIOUS_MOVE = YES;
				CLANG_WARN_UNREACHABLE_CODE = YES;
				CLANG_WARN__DUPLICATE_METHOD_MATCH = YES;
				"CODE_SIGN_IDENTITY[sdk=iphoneos*]" = "iPhone Developer";
				COPY_PHASE_STRIP = NO;
				DEBUG_INFORMATION_FORMAT = dwarf;
				ENABLE_STRICT_OBJC_MSGSEND = YES;
				ENABLE_TESTABILITY = YES;
				GCC_C_LANGUAGE_STANDARD = gnu99;
				GCC_DYNAMIC_NO_PIC = NO;
				GCC_NO_COMMON_BLOCKS = YES;
				GCC_OPTIMIZATION_LEVEL = 0;
				GCC_PREPROCESSOR_DEFINITIONS = (
					"DEBUG=1",
					"$(inherited)",
				);
				GCC_WARN_64_TO_32_BIT_CONVERSION = YES;
				GCC_WARN_ABOUT_RETURN_TYPE = YES_ERROR;
				GCC_WARN_UNDECLARED_SELECTOR = YES;
				GCC_WARN_UNINITIALIZED_AUTOS = YES_AGGRESSIVE;
				GCC_WARN_UNUSED_FUNCTION = YES;
				GCC_WARN_UNUSED_VARIABLE = YES;
				IPHONEOS_DEPLOYMENT_TARGET = 10.3;
				MTL_ENABLE_DEBUG_INFO = YES;
				ONLY_ACTIVE_ARCH = YES;
				SDKROOT = iphoneos;
				SWIFT_ACTIVE_COMPILATION_CONDITIONS = DEBUG;
				SWIFT_OPTIMIZATION_LEVEL = "-Onone";
				TARGETED_DEVICE_FAMILY = "1,2";
			};
			name = Debug;
		};
		528D1DE81FCCBDAF001D61D0 /* Release */ = {
			isa = XCBuildConfiguration;
			buildSettings = {
				ALWAYS_SEARCH_USER_PATHS = NO;
				CLANG_ANALYZER_NONNULL = YES;
				CLANG_ANALYZER_NUMBER_OBJECT_CONVERSION = YES_AGGRESSIVE;
				CLANG_CXX_LANGUAGE_STANDARD = "gnu++0x";
				CLANG_CXX_LIBRARY = "libc++";
				CLANG_ENABLE_MODULES = YES;
				CLANG_ENABLE_OBJC_ARC = YES;
				CLANG_WARN_BOOL_CONVERSION = YES;
				CLANG_WARN_CONSTANT_CONVERSION = YES;
				CLANG_WARN_DIRECT_OBJC_ISA_USAGE = YES_ERROR;
				CLANG_WARN_DOCUMENTATION_COMMENTS = YES;
				CLANG_WARN_EMPTY_BODY = YES;
				CLANG_WARN_ENUM_CONVERSION = YES;
				CLANG_WARN_INFINITE_RECURSION = YES;
				CLANG_WARN_INT_CONVERSION = YES;
				CLANG_WARN_OBJC_ROOT_CLASS = YES_ERROR;
				CLANG_WARN_SUSPICIOUS_MOVE = YES;
				CLANG_WARN_UNREACHABLE_CODE = YES;
				CLANG_WARN__DUPLICATE_METHOD_MATCH = YES;
				"CODE_SIGN_IDENTITY[sdk=iphoneos*]" = "iPhone Developer";
				COPY_PHASE_STRIP = NO;
				DEBUG_INFORMATION_FORMAT = "dwarf-with-dsym";
				ENABLE_NS_ASSERTIONS = NO;
				ENABLE_STRICT_OBJC_MSGSEND = YES;
				GCC_C_LANGUAGE_STANDARD = gnu99;
				GCC_NO_COMMON_BLOCKS = YES;
				GCC_WARN_64_TO_32_BIT_CONVERSION = YES;
				GCC_WARN_ABOUT_RETURN_TYPE = YES_ERROR;
				GCC_WARN_UNDECLARED_SELECTOR = YES;
				GCC_WARN_UNINITIALIZED_AUTOS = YES_AGGRESSIVE;
				GCC_WARN_UNUSED_FUNCTION = YES;
				GCC_WARN_UNUSED_VARIABLE = YES;
				IPHONEOS_DEPLOYMENT_TARGET = 10.3;
				MTL_ENABLE_DEBUG_INFO = NO;
				SDKROOT = iphoneos;
				SWIFT_OPTIMIZATION_LEVEL = "-Owholemodule";
				TARGETED_DEVICE_FAMILY = "1,2";
				VALIDATE_PRODUCT = YES;
			};
			name = Release;
		};
		528D1DEA1FCCBDAF001D61D0 /* Debug */ = {
			isa = XCBuildConfiguration;
			buildSettings = {
				ASSETCATALOG_COMPILER_APPICON_NAME = AppIcon;
				DEVELOPMENT_TEAM = N4X9H9L3T7;
				INFOPLIST_FILE = Lesson2_Experiment/Info.plist;
				LD_RUNPATH_SEARCH_PATHS = "$(inherited) @executable_path/Frameworks";
				PRODUCT_BUNDLE_IDENTIFIER = "com.xiong.Lesson2-Experiment";
				PRODUCT_NAME = "$(TARGET_NAME)";
				SWIFT_VERSION = 3.0;
			};
			name = Debug;
		};
		528D1DEB1FCCBDAF001D61D0 /* Release */ = {
			isa = XCBuildConfiguration;
			buildSettings = {
				ASSETCATALOG_COMPILER_APPICON_NAME = AppIcon;
				DEVELOPMENT_TEAM = N4X9H9L3T7;
				INFOPLIST_FILE = Lesson2_Experiment/Info.plist;
				LD_RUNPATH_SEARCH_PATHS = "$(inherited) @executable_path/Frameworks";
				PRODUCT_BUNDLE_IDENTIFIER = "com.xiong.Lesson2-Experiment";
				PRODUCT_NAME = "$(TARGET_NAME)";
				SWIFT_VERSION = 3.0;
			};
			name = Release;
		};
		528D1DED1FCCBDAF001D61D0 /* Debug */ = {
			isa = XCBuildConfiguration;
			buildSettings = {
				ALWAYS_EMBED_SWIFT_STANDARD_LIBRARIES = YES;
				BUNDLE_LOADER = "$(TEST_HOST)";
				DEVELOPMENT_TEAM = N4X9H9L3T7;
				INFOPLIST_FILE = Lesson2_ExperimentTests/Info.plist;
				LD_RUNPATH_SEARCH_PATHS = "$(inherited) @executable_path/Frameworks @loader_path/Frameworks";
				PRODUCT_BUNDLE_IDENTIFIER = "com.xiong.Lesson2-ExperimentTests";
				PRODUCT_NAME = "$(TARGET_NAME)";
				SWIFT_VERSION = 3.0;
				TEST_HOST = "$(BUILT_PRODUCTS_DIR)/Lesson2_Experiment.app/Lesson2_Experiment";
			};
			name = Debug;
		};
		528D1DEE1FCCBDAF001D61D0 /* Release */ = {
			isa = XCBuildConfiguration;
			buildSettings = {
				ALWAYS_EMBED_SWIFT_STANDARD_LIBRARIES = YES;
				BUNDLE_LOADER = "$(TEST_HOST)";
				DEVELOPMENT_TEAM = N4X9H9L3T7;
				INFOPLIST_FILE = Lesson2_ExperimentTests/Info.plist;
				LD_RUNPATH_SEARCH_PATHS = "$(inherited) @executable_path/Frameworks @loader_path/Frameworks";
				PRODUCT_BUNDLE_IDENTIFIER = "com.xiong.Lesson2-ExperimentTests";
				PRODUCT_NAME = "$(TARGET_NAME)";
				SWIFT_VERSION = 3.0;
				TEST_HOST = "$(BUILT_PRODUCTS_DIR)/Lesson2_Experiment.app/Lesson2_Experiment";
			};
			name = Release;
		};
		528D1DF01FCCBDAF001D61D0 /* Debug */ = {
			isa = XCBuildConfiguration;
			buildSettings = {
				ALWAYS_EMBED_SWIFT_STANDARD_LIBRARIES = YES;
				DEVELOPMENT_TEAM = N4X9H9L3T7;
				INFOPLIST_FILE = Lesson2_ExperimentUITests/Info.plist;
				LD_RUNPATH_SEARCH_PATHS = "$(inherited) @executable_path/Frameworks @loader_path/Frameworks";
				PRODUCT_BUNDLE_IDENTIFIER = "com.xiong.Lesson2-ExperimentUITests";
				PRODUCT_NAME = "$(TARGET_NAME)";
				SWIFT_VERSION = 3.0;
				TEST_TARGET_NAME = Lesson2_Experiment;
			};
			name = Debug;
		};
		528D1DF11FCCBDAF001D61D0 /* Release */ = {
			isa = XCBuildConfiguration;
			buildSettings = {
				ALWAYS_EMBED_SWIFT_STANDARD_LIBRARIES = YES;
				DEVELOPMENT_TEAM = N4X9H9L3T7;
				INFOPLIST_FILE = Lesson2_ExperimentUITests/Info.plist;
				LD_RUNPATH_SEARCH_PATHS = "$(inherited) @executable_path/Frameworks @loader_path/Frameworks";
				PRODUCT_BUNDLE_IDENTIFIER = "com.xiong.Lesson2-ExperimentUITests";
				PRODUCT_NAME = "$(TARGET_NAME)";
				SWIFT_VERSION = 3.0;
				TEST_TARGET_NAME = Lesson2_Experiment;
			};
			name = Release;
		};
/* End XCBuildConfiguration section */

/* Begin XCConfigurationList section */
		528D1DB91FCCBDAF001D61D0 /* Build configuration list for PBXProject "Lesson2_Experiment" */ = {
			isa = XCConfigurationList;
			buildConfigurations = (
				528D1DE71FCCBDAF001D61D0 /* Debug */,
				528D1DE81FCCBDAF001D61D0 /* Release */,
			);
			defaultConfigurationIsVisible = 0;
			defaultConfigurationName = Release;
		};
		528D1DE91FCCBDAF001D61D0 /* Build configuration list for PBXNativeTarget "Lesson2_Experiment" */ = {
			isa = XCConfigurationList;
			buildConfigurations = (
				528D1DEA1FCCBDAF001D61D0 /* Debug */,
				528D1DEB1FCCBDAF001D61D0 /* Release */,
			);
			defaultConfigurationIsVisible = 0;
		};
		528D1DEC1FCCBDAF001D61D0 /* Build configuration list for PBXNativeTarget "Lesson2_ExperimentTests" */ = {
			isa = XCConfigurationList;
			buildConfigurations = (
				528D1DED1FCCBDAF001D61D0 /* Debug */,
				528D1DEE1FCCBDAF001D61D0 /* Release */,
			);
			defaultConfigurationIsVisible = 0;
		};
		528D1DEF1FCCBDAF001D61D0 /* Build configuration list for PBXNativeTarget "Lesson2_ExperimentUITests" */ = {
			isa = XCConfigurationList;
			buildConfigurations = (
				528D1DF01FCCBDAF001D61D0 /* Debug */,
				528D1DF11FCCBDAF001D61D0 /* Release */,
			);
			defaultConfigurationIsVisible = 0;
		};
/* End XCConfigurationList section */

/* Begin XCVersionGroup section */
		528D1DC81FCCBDAF001D61D0 /* Lesson2_Experiment.xcdatamodeld */ = {
			isa = XCVersionGroup;
			children = (
				528D1DC91FCCBDAF001D61D0 /* Lesson2_Experiment.xcdatamodel */,
			);
			currentVersion = 528D1DC91FCCBDAF001D61D0 /* Lesson2_Experiment.xcdatamodel */;
			path = Lesson2_Experiment.xcdatamodeld;
			sourceTree = "<group>";
			versionGroupType = wrapper.xcdatamodel;
		};
/* End XCVersionGroup section */
	};
	rootObject = 528D1DB61FCCBDAF001D61D0 /* Project object */;
}
